
Microsoft Visual Studio Solution File, Format Version 12.00
# Visual Studio Version 16
VisualStudioVersion = 16.0.29613.14
MinimumVisualStudioVersion = 10.0.40219.1
Project("{FAE04EC0-301F-11D3-BF4B-00C04F79EFBC}") = "APPHospitalCore_Alberto", "APPHospitalCore_Alberto\APPHospitalCore_Alberto.csproj", "{6A019B8D-92C4-48DC-8077-EEAC3CCF1960}"
EndProject
Global
	GlobalSection(SolutionConfigurationPlatforms) = preSolution
		Debug|Any CPU = Debug|Any CPU
		Release|Any CPU = Release|Any CPU
	EndGlobalSection
	GlobalSection(ProjectConfigurationPlatforms) = postSolution
		{6A019B8D-92C4-48DC-8077-EEAC3CCF1960}.Debug|Any CPU.ActiveCfg = Debug|Any CPU
		{6A019B8D-92C4-48DC-8077-EEAC3CCF1960}.Debug|Any CPU.Build.0 = Debug|Any CPU
		{6A019B8D-92C4-48DC-8077-EEAC3CCF1960}.Release|Any CPU.ActiveCfg = Release|Any CPU
		{6A019B8D-92C4-48DC-8077-EEAC3CCF1960}.Release|Any CPU.Build.0 = Release|Any CPU
	EndGlobalSection
	GlobalSection(SolutionProperties) = preSolution
		HideSolutionNode = FALSE
	EndGlobalSection
	GlobalSection(ExtensibilityGlobals) = postSolution
		SolutionGuid = {5ECE4AC2-E103-4A11-B149-D45FC3DEC8A4}
	EndGlobalSection
EndGlobal
